
Microsoft Visual Studio Solution File, Format Version 12.00
# Visual Studio 15
VisualStudioVersion = 15.0.27428.2043
MinimumVisualStudioVersion = 10.0.40219.1
Project("{FAE04EC0-301F-11D3-BF4B-00C04F79EFBC}") = "guess the number", "guess the number\guess the number.csproj", "{A0ED4DBB-8615-4539-AD6A-5B8CA0951E79}"
EndProject
Global
	GlobalSection(SolutionConfigurationPlatforms) = preSolution
		Debug|Any CPU = Debug|Any CPU
		Release|Any CPU = Release|Any CPU
	EndGlobalSection
	GlobalSection(ProjectConfigurationPlatforms) = postSolution
		{A0ED4DBB-8615-4539-AD6A-5B8CA0951E79}.Debug|Any CPU.ActiveCfg = Debug|Any CPU
		{A0ED4DBB-8615-4539-AD6A-5B8CA0951E79}.Debug|Any CPU.Build.0 = Debug|Any CPU
		{A0ED4DBB-8615-4539-AD6A-5B8CA0951E79}.Release|Any CPU.ActiveCfg = Release|Any CPU
		{A0ED4DBB-8615-4539-AD6A-5B8CA0951E79}.Release|Any CPU.Build.0 = Release|Any CPU
	EndGlobalSection
	GlobalSection(SolutionProperties) = preSolution
		HideSolutionNode = FALSE
	EndGlobalSection
	GlobalSection(ExtensibilityGlobals) = postSolution
		SolutionGuid = {FCDB98E9-E3E4-4E4D-9C60-AC0B2B7CE575}
	EndGlobalSection
EndGlobal
